
Microsoft Visual Studio Solution File, Format Version 12.00
# Visual Studio 14
VisualStudioVersion = 14.0.25420.1
MinimumVisualStudioVersion = 10.0.40219.1
Project("{FAE04EC0-301F-11D3-BF4B-00C04F79EFBC}") = "CarRental.Data", "CarRental.Data\CarRental.Data.csproj", "{CAF3AC51-4FE7-4A1E-9CA6-9B51FB60B974}"
EndProject
Project("{FAE04EC0-301F-11D3-BF4B-00C04F79EFBC}") = "CarRental.Model", "CarRental.Model\CarRental.Model.csproj", "{FA0DB803-8505-4A4D-8D41-856D857AAFCD}"
EndProject
Project("{FAE04EC0-301F-11D3-BF4B-00C04F79EFBC}") = "CarRental.API", "CarRental.API\CarRental.API.csproj", "{48EB4EC9-C829-47A7-A2BB-C1F83B229F3C}"
EndProject
Global
	GlobalSection(SolutionConfigurationPlatforms) = preSolution
		Debug|Any CPU = Debug|Any CPU
		Release|Any CPU = Release|Any CPU
	EndGlobalSection
	GlobalSection(ProjectConfigurationPlatforms) = postSolution
		{CAF3AC51-4FE7-4A1E-9CA6-9B51FB60B974}.Debug|Any CPU.ActiveCfg = Debug|Any CPU
		{CAF3AC51-4FE7-4A1E-9CA6-9B51FB60B974}.Debug|Any CPU.Build.0 = Debug|Any CPU
		{CAF3AC51-4FE7-4A1E-9CA6-9B51FB60B974}.Release|Any CPU.ActiveCfg = Release|Any CPU
		{CAF3AC51-4FE7-4A1E-9CA6-9B51FB60B974}.Release|Any CPU.Build.0 = Release|Any CPU
		{FA0DB803-8505-4A4D-8D41-856D857AAFCD}.Debug|Any CPU.ActiveCfg = Debug|Any CPU
		{FA0DB803-8505-4A4D-8D41-856D857AAFCD}.Debug|Any CPU.Build.0 = Debug|Any CPU
		{FA0DB803-8505-4A4D-8D41-856D857AAFCD}.Release|Any CPU.ActiveCfg = Release|Any CPU
		{FA0DB803-8505-4A4D-8D41-856D857AAFCD}.Release|Any CPU.Build.0 = Release|Any CPU
		{48EB4EC9-C829-47A7-A2BB-C1F83B229F3C}.Debug|Any CPU.ActiveCfg = Debug|Any CPU
		{48EB4EC9-C829-47A7-A2BB-C1F83B229F3C}.Debug|Any CPU.Build.0 = Debug|Any CPU
		{48EB4EC9-C829-47A7-A2BB-C1F83B229F3C}.Release|Any CPU.ActiveCfg = Release|Any CPU
		{48EB4EC9-C829-47A7-A2BB-C1F83B229F3C}.Release|Any CPU.Build.0 = Release|Any CPU
	EndGlobalSection
	GlobalSection(SolutionProperties) = preSolution
		HideSolutionNode = FALSE
	EndGlobalSection
EndGlobal
